NeoBundleLock CamelCaseMotion 3ae9bf93cce28ddc1f2776999ad516e153769ea4
NeoBundleLock LaTeX-Box 3c2901e12cb78bfb2be58ba4c62a488612550fe1
NeoBundleLock SingleCompile 704cf84abced66237c9d7688df1eafb299451c2f
NeoBundleLock authorinfo 883c4e05933241cb38da9d39b9011d952ea5333d
NeoBundleLock delimitMate 8bc47fd1c40cdad9ea1f36c0cf13592c70ea65e9
NeoBundleLock emmet-vim 8b8aefd64c23c967cc080e3f93dc343d3b44f75f
NeoBundleLock gitv e10a8963e0ff1387e7e764f799a5bba693a739b3
NeoBundleLock golden-ratio 1862c76ec2279ba8d5de4bf016b70067668b3be3
NeoBundleLock goyo.vim 630f5d80861beb36ae2dfa0c587ec6b51982cff5
NeoBundleLock gruvbox e4ba7abe5ccccc0ebea0e33a4e045f96311020d8
NeoBundleLock hammer.vim 3949b7e9d9c6f372084b152cb983f5d1172ce94e
NeoBundleLock hardmode 110513dc9eb3ab5408d242a4b4b7674eadc90828
NeoBundleLock investigate.vim fcb254c7c661d312c0e54f669ea3b58e11a5d7ee
NeoBundleLock limelight.vim 153e3f7b78484eb4f5d69833ebf628f44b94996d
NeoBundleLock neobundle.vim 847cbd0d180a9ff2baf369c788e186b8aafaae8b
NeoBundleLock neocomplcache.vim 778181767467b8f8016828898779a646074d883a
NeoBundleLock neosnippet-snippets ec9267240ecb855657de830c9c68e5f6e34cfe65
NeoBundleLock neosnippet.vim 44b129aa21df9e80014ffbb06a3f615e18559389
NeoBundleLock nerdcommenter 1f4bfd59920c101a30a74a07b824608a6e65f3fe
NeoBundleLock nerdtree 4ebbb533c3faf2c480211db2b547972bb3b60f2b
NeoBundleLock quick-scope d5882cb0e8e01494b7c2d2058cf5c9427bc6367b
NeoBundleLock splitjoin.vim 899645a73b349d250515c75bc9c01861192dae2a
NeoBundleLock syntastic 48736aa376341518d7bedf3a39daf0ae9e1dcdc0
NeoBundleLock tabular 60f25648814f0695eeb6c1040d97adca93c4e0bb
NeoBundleLock tagbar 7b36c46d17d57db34fdb0adac9ba6382d0bb5e66
NeoBundleLock targets.vim d11192893b178bd298b66c5b56a13b4d0bfa4c8b
NeoBundleLock undotree 74874d92d4bde3d026f2d0f3ff780b1787ba4e84
NeoBundleLock unite-outline 766d921e859eb54a7ac7c45c4052df7121ea6347
NeoBundleLock unite.vim aefd6c32ef8dc5b357efe7d8e5cd3dd4aa785d5c
NeoBundleLock vim-abolish e6a170cda8ee542ec5f1384c9643d4330ee6b181
NeoBundleLock vim-airline 14d14cf951c08fc88ca6c3e6f28fe47b99421e23
NeoBundleLock vim-autopep8 2262c8013f471433b58c32f5539a2870bfd509c0
NeoBundleLock vim-bufferline 57f0e8afff4af59fbfaf557ca6b584209cbedda3
NeoBundleLock vim-diff-enhanced dd6ad80f9e3e8a24b1f31b1a25f8db39069db330
NeoBundleLock vim-easymotion a21d4474f0e9df7a721246e0a3b386068901965f
NeoBundleLock vim-fugitive 207c643ea46860c84dad5c5ba7033779c15a7b96
NeoBundleLock vim-gitgutter 28aea43adf187ca01f0255c5a9418a5aac6380f1
NeoBundleLock vim-go 0aeb07e9305f5696bfc1cffb1e3b2226d851b913
NeoBundleLock vim-hybrid 117b651d43108e6c5cde9a95036c8b1a8aabb9f7
NeoBundleLock vim-indent-guides 49bde6fa30648345ffabfe55b3a095a293568a2e
NeoBundleLock vim-matchit ceaf496a3763f3c20bc7f50c2135df4f1775ae05
NeoBundleLock vim-multiple-cursors a95edcdffd98c5961f067796fbc2a1a82e0f6a83
NeoBundleLock vim-nerdtree-tabs 0decec122e9bb3e9328b01fa20a9650e79cc6ca7
NeoBundleLock vim-pasta 45900f1ca09cf588856ea375b95cb0618f58ee27
NeoBundleLock vim-polyglot d4e83d706f9417c031e24ae554c8740411a253cb
NeoBundleLock vim-rails e25769a7f42d86b38d6ee87350ff2f6a37e68258
NeoBundleLock vim-repeat 7a6675f092842c8f81e71d5345bd7cdbf3759415
NeoBundleLock vim-snippets 86c908f7ffa334308dd4a1316e77f1fefb0bf046
NeoBundleLock vim-speeddating 426c792e479f6e1650a6996c683943a09344c21e
NeoBundleLock vim-startify 295fe7a09a881448eea1aa71d26f53dcda3c499b
NeoBundleLock vim-surround 2d05440ad23f97a7874ebd9b5de3a0e65d25d85c
NeoBundleLock vim-tmuxify 1146dd67a5d565f0e620a74614dae87a091b0491
NeoBundleLock vim-unimpaired 23f471ad0f00e2fab097f9d67ffd770881d4b35a
NeoBundleLock vimproc f96e476e41ab4cdb9c37242c8cf76f1e5aa5b91d
